
Microsoft Visual Studio Solution File, Format Version 12.00
# Visual Studio Version 17
VisualStudioVersion = 17.14.36221.1 d17.14
MinimumVisualStudioVersion = 10.0.40219.1
Project("{FAE04EC0-301F-11D3-BF4B-00C04F79EFBC}") = "Jwt.net_proj", "Jwt.net_proj\Jwt.net_proj.csproj", "{0F229787-5587-49A1-A707-5FE786D34550}"
EndProject
Global
	GlobalSection(SolutionConfigurationPlatforms) = preSolution
		Debug|Any CPU = Debug|Any CPU
		Release|Any CPU = Release|Any CPU
	EndGlobalSection
	GlobalSection(ProjectConfigurationPlatforms) = postSolution
		{0F229787-5587-49A1-A707-5FE786D34550}.Debug|Any CPU.ActiveCfg = Debug|Any CPU
		{0F229787-5587-49A1-A707-5FE786D34550}.Debug|Any CPU.Build.0 = Debug|Any CPU
		{0F229787-5587-49A1-A707-5FE786D34550}.Release|Any CPU.ActiveCfg = Release|Any CPU
		{0F229787-5587-49A1-A707-5FE786D34550}.Release|Any CPU.Build.0 = Release|Any CPU
	EndGlobalSection
	GlobalSection(SolutionProperties) = preSolution
		HideSolutionNode = FALSE
	EndGlobalSection
	GlobalSection(ExtensibilityGlobals) = postSolution
		SolutionGuid = {1E882C5D-06A1-4536-8B22-27DE8AC78EA2}
	EndGlobalSection
EndGlobal
